{
  "requires": true,
  "lockfileVersion": 1,
  "dependencies": {
    "use-places-autocomplete": {
      "version": "1.9.1",
      "resolved": "https://registry.npmjs.org/use-places-autocomplete/-/use-places-autocomplete-1.9.1.tgz",
      "integrity": "sha512-ZIkCob6qFBT5kP5wvtiDHV2Dw+DjlVSOj8RoM0XRkDB95PPQzICTjWHOhe4ClY0gO2Nq1bFG5K2WfIYYlIYtfg=="
    }
  }
}
